Microsoft Visual Studio Solution File, Format Version 9.00
# Visual C++ Express 2005
Project("{8BC9CEB8-8B4A-11D0-8D11-00A0C91BC942}") = "BaseLib", "BaseLib\BaseLib.vcproj", "{15A32737-F2A3-4B88-8933-7165677CB073}"
EndProject
Project("{8BC9CEB8-8B4A-11D0-8D11-00A0C91BC942}") = "SystemLib", "SystemLib\SystemLib.vcproj", "{661D804F-042B-4266-B35E-212E62D78550}"
	ProjectSection(ProjectDependencies) = postProject
		{15A32737-F2A3-4B88-8933-7165677CB073} = {15A32737-F2A3-4B88-8933-7165677CB073}
	EndProjectSection
EndProject
Project("{8BC9CEB8-8B4A-11D0-8D11-00A0C91BC942}") = "WindowGLUTLib", "WindowGLUTLib\WindowGLUTLib.vcproj", "{21D147FC-EEFD-4021-A717-BFB6A1551F2A}"
	ProjectSection(ProjectDependencies) = postProject
		{15A32737-F2A3-4B88-8933-7165677CB073} = {15A32737-F2A3-4B88-8933-7165677CB073}
		{661D804F-042B-4266-B35E-212E62D78550} = {661D804F-042B-4266-B35E-212E62D78550}
		{CDB745CF-D57A-4E72-ADDD-03B85480F354} = {CDB745CF-D57A-4E72-ADDD-03B85480F354}
	EndProjectSection
EndProject
Project("{8BC9CEB8-8B4A-11D0-8D11-00A0C91BC942}") = "WindowQTLib", "WindowQTLib\WindowQTLib.vcproj", "{B1D71D0A-EF30-4D2F-84E4-C8937CF8913F}"
	ProjectSection(ProjectDependencies) = postProject
		{15A32737-F2A3-4B88-8933-7165677CB073} = {15A32737-F2A3-4B88-8933-7165677CB073}
		{661D804F-042B-4266-B35E-212E62D78550} = {661D804F-042B-4266-B35E-212E62D78550}
		{CDB745CF-D57A-4E72-ADDD-03B85480F354} = {CDB745CF-D57A-4E72-ADDD-03B85480F354}
	EndProjectSection
EndProject
Project("{8BC9CEB8-8B4A-11D0-8D11-00A0C91BC942}") = "WindowWIN32Lib", "WindowWIN32Lib\WindowWIN32Lib.vcproj", "{CDB745CF-D57A-4E72-ADDD-03B85480F354}"
	ProjectSection(ProjectDependencies) = postProject
		{15A32737-F2A3-4B88-8933-7165677CB073} = {15A32737-F2A3-4B88-8933-7165677CB073}
		{661D804F-042B-4266-B35E-212E62D78550} = {661D804F-042B-4266-B35E-212E62D78550}
	EndProjectSection
EndProject
Global
	GlobalSection(SolutionConfigurationPlatforms) = preSolution
		Debug|Win32 = Debug|Win32
		Release|Win32 = Release|Win32
	EndGlobalSection
	GlobalSection(ProjectConfigurationPlatforms) = postSolution
		{15A32737-F2A3-4B88-8933-7165677CB073}.Debug|Win32.ActiveCfg = Debug|Win32
		{15A32737-F2A3-4B88-8933-7165677CB073}.Debug|Win32.Build.0 = Debug|Win32
		{15A32737-F2A3-4B88-8933-7165677CB073}.Release|Win32.ActiveCfg = Release|Win32
		{15A32737-F2A3-4B88-8933-7165677CB073}.Release|Win32.Build.0 = Release|Win32
		{661D804F-042B-4266-B35E-212E62D78550}.Debug|Win32.ActiveCfg = Debug|Win32
		{661D804F-042B-4266-B35E-212E62D78550}.Debug|Win32.Build.0 = Debug|Win32
		{661D804F-042B-4266-B35E-212E62D78550}.Release|Win32.ActiveCfg = Release|Win32
		{661D804F-042B-4266-B35E-212E62D78550}.Release|Win32.Build.0 = Release|Win32
		{21D147FC-EEFD-4021-A717-BFB6A1551F2A}.Debug|Win32.ActiveCfg = Debug|Win32
		{21D147FC-EEFD-4021-A717-BFB6A1551F2A}.Debug|Win32.Build.0 = Debug|Win32
		{21D147FC-EEFD-4021-A717-BFB6A1551F2A}.Release|Win32.ActiveCfg = Release|Win32
		{21D147FC-EEFD-4021-A717-BFB6A1551F2A}.Release|Win32.Build.0 = Release|Win32
		{B1D71D0A-EF30-4D2F-84E4-C8937CF8913F}.Debug|Win32.ActiveCfg = Debug|Win32
		{B1D71D0A-EF30-4D2F-84E4-C8937CF8913F}.Debug|Win32.Build.0 = Debug|Win32
		{B1D71D0A-EF30-4D2F-84E4-C8937CF8913F}.Release|Win32.ActiveCfg = Release|Win32
		{CDB745CF-D57A-4E72-ADDD-03B85480F354}.Debug|Win32.ActiveCfg = Debug|Win32
		{CDB745CF-D57A-4E72-ADDD-03B85480F354}.Debug|Win32.Build.0 = Debug|Win32
		{CDB745CF-D57A-4E72-ADDD-03B85480F354}.Release|Win32.ActiveCfg = Release|Win32
		{CDB745CF-D57A-4E72-ADDD-03B85480F354}.Release|Win32.Build.0 = Release|Win32
	EndGlobalSection
	GlobalSection(SolutionProperties) = preSolution
		HideSolutionNode = FALSE
	EndGlobalSection
EndGlobal
