Microsoft Visual Studio Solution File, Format Version 8.00
Project("{8BC9CEB8-8B4A-11D0-8D11-00A0C91BC942}") = "BaseLib", "BaseLib\BaseLib.vcproj", "{723CFD0C-9AEB-455A-9B0A-91C51091872A}"
	ProjectSection(ProjectDependencies) = postProject
	EndProjectSection
EndProject
Project("{8BC9CEB8-8B4A-11D0-8D11-00A0C91BC942}") = "SystemLib", "SystemLib\SystemLib.vcproj", "{1AD05132-6CC3-443D-9DFD-652ABAB966B0}"
	ProjectSection(ProjectDependencies) = postProject
		{723CFD0C-9AEB-455A-9B0A-91C51091872A} = {723CFD0C-9AEB-455A-9B0A-91C51091872A}
	EndProjectSection
EndProject
Project("{8BC9CEB8-8B4A-11D0-8D11-00A0C91BC942}") = "Test", "Test\Test.vcproj", "{4C414343-571D-42D9-943F-DB6F5D83CC6B}"
	ProjectSection(ProjectDependencies) = postProject
	EndProjectSection
EndProject
Project("{8BC9CEB8-8B4A-11D0-8D11-00A0C91BC942}") = "WindowGLUTLib", "WindowGLUTLib\WindowGLUTLib.vcproj", "{38B22189-3C29-4043-88EF-87F86B9CA650}"
	ProjectSection(ProjectDependencies) = postProject
		{AA877C0C-EAF9-4B72-8696-52441B51D45E} = {AA877C0C-EAF9-4B72-8696-52441B51D45E}
		{723CFD0C-9AEB-455A-9B0A-91C51091872A} = {723CFD0C-9AEB-455A-9B0A-91C51091872A}
		{1AD05132-6CC3-443D-9DFD-652ABAB966B0} = {1AD05132-6CC3-443D-9DFD-652ABAB966B0}
	EndProjectSection
EndProject
Project("{8BC9CEB8-8B4A-11D0-8D11-00A0C91BC942}") = "WindowWIN32Lib", "WindowWIN32Lib\WindowWIN32Lib.vcproj", "{AA877C0C-EAF9-4B72-8696-52441B51D45E}"
	ProjectSection(ProjectDependencies) = postProject
		{723CFD0C-9AEB-455A-9B0A-91C51091872A} = {723CFD0C-9AEB-455A-9B0A-91C51091872A}
		{1AD05132-6CC3-443D-9DFD-652ABAB966B0} = {1AD05132-6CC3-443D-9DFD-652ABAB966B0}
	EndProjectSection
EndProject
Project("{8BC9CEB8-8B4A-11D0-8D11-00A0C91BC942}") = "WindowQTLib", "WindowQTLib\WindowQTLib.vcproj", "{95FE22E7-4452-4C4D-A480-1413A20519FD}"
	ProjectSection(ProjectDependencies) = postProject
		{AA877C0C-EAF9-4B72-8696-52441B51D45E} = {AA877C0C-EAF9-4B72-8696-52441B51D45E}
		{723CFD0C-9AEB-455A-9B0A-91C51091872A} = {723CFD0C-9AEB-455A-9B0A-91C51091872A}
		{1AD05132-6CC3-443D-9DFD-652ABAB966B0} = {1AD05132-6CC3-443D-9DFD-652ABAB966B0}
	EndProjectSection
EndProject
Global
	GlobalSection(SolutionConfiguration) = preSolution
		Debug = Debug
		Release = Release
	EndGlobalSection
	GlobalSection(ProjectConfiguration) = postSolution
		{723CFD0C-9AEB-455A-9B0A-91C51091872A}.Debug.ActiveCfg = Debug|Win32
		{723CFD0C-9AEB-455A-9B0A-91C51091872A}.Debug.Build.0 = Debug|Win32
		{723CFD0C-9AEB-455A-9B0A-91C51091872A}.Release.ActiveCfg = Release|Win32
		{723CFD0C-9AEB-455A-9B0A-91C51091872A}.Release.Build.0 = Release|Win32
		{1AD05132-6CC3-443D-9DFD-652ABAB966B0}.Debug.ActiveCfg = Debug|Win32
		{1AD05132-6CC3-443D-9DFD-652ABAB966B0}.Debug.Build.0 = Debug|Win32
		{1AD05132-6CC3-443D-9DFD-652ABAB966B0}.Release.ActiveCfg = Release|Win32
		{1AD05132-6CC3-443D-9DFD-652ABAB966B0}.Release.Build.0 = Release|Win32
		{4C414343-571D-42D9-943F-DB6F5D83CC6B}.Debug.ActiveCfg = Debug|Win32
		{4C414343-571D-42D9-943F-DB6F5D83CC6B}.Debug.Build.0 = Debug|Win32
		{4C414343-571D-42D9-943F-DB6F5D83CC6B}.Release.ActiveCfg = Release|Win32
		{4C414343-571D-42D9-943F-DB6F5D83CC6B}.Release.Build.0 = Release|Win32
		{38B22189-3C29-4043-88EF-87F86B9CA650}.Debug.ActiveCfg = Debug|Win32
		{38B22189-3C29-4043-88EF-87F86B9CA650}.Debug.Build.0 = Debug|Win32
		{38B22189-3C29-4043-88EF-87F86B9CA650}.Release.ActiveCfg = Release|Win32
		{38B22189-3C29-4043-88EF-87F86B9CA650}.Release.Build.0 = Release|Win32
		{AA877C0C-EAF9-4B72-8696-52441B51D45E}.Debug.ActiveCfg = Debug|Win32
		{AA877C0C-EAF9-4B72-8696-52441B51D45E}.Debug.Build.0 = Debug|Win32
		{AA877C0C-EAF9-4B72-8696-52441B51D45E}.Release.ActiveCfg = Release|Win32
		{AA877C0C-EAF9-4B72-8696-52441B51D45E}.Release.Build.0 = Release|Win32
		{95FE22E7-4452-4C4D-A480-1413A20519FD}.Debug.ActiveCfg = Debug|Win32
		{95FE22E7-4452-4C4D-A480-1413A20519FD}.Debug.Build.0 = Debug|Win32
		{95FE22E7-4452-4C4D-A480-1413A20519FD}.Release.ActiveCfg = Release|Win32
		{95FE22E7-4452-4C4D-A480-1413A20519FD}.Release.Build.0 = Release|Win32
	EndGlobalSection
	GlobalSection(ExtensibilityGlobals) = postSolution
	EndGlobalSection
	GlobalSection(ExtensibilityAddIns) = postSolution
	EndGlobalSection
EndGlobal
