Microsoft Visual Studio Solution File, Format Version 8.00
Project("{8BC9CEB8-8B4A-11D0-8D11-00A0C91BC942}") = "BaseLib", "BaseLib\BaseLib.vcproj", "{15A32737-F2A3-4B88-8933-7165677CB073}"
	ProjectSection(ProjectDependencies) = postProject
	EndProjectSection
EndProject
Project("{8BC9CEB8-8B4A-11D0-8D11-00A0C91BC942}") = "SystemLib", "SystemLib\SystemLib.vcproj", "{661D804F-042B-4266-B35E-212E62D78550}"
	ProjectSection(ProjectDependencies) = postProject
		{15A32737-F2A3-4B88-8933-7165677CB073} = {15A32737-F2A3-4B88-8933-7165677CB073}
	EndProjectSection
EndProject
Project("{8BC9CEB8-8B4A-11D0-8D11-00A0C91BC942}") = "WindowGLUTLib", "WindowGLUTLib\WindowGLUTLib.vcproj", "{21D147FC-EEFD-4021-A717-BFB6A1551F2A}"
	ProjectSection(ProjectDependencies) = postProject
		{CDB745CF-D57A-4E72-ADDD-03B85480F354} = {CDB745CF-D57A-4E72-ADDD-03B85480F354}
		{661D804F-042B-4266-B35E-212E62D78550} = {661D804F-042B-4266-B35E-212E62D78550}
		{15A32737-F2A3-4B88-8933-7165677CB073} = {15A32737-F2A3-4B88-8933-7165677CB073}
	EndProjectSection
EndProject
Project("{8BC9CEB8-8B4A-11D0-8D11-00A0C91BC942}") = "WindowQTLib", "WindowQTLib\WindowQTLib.vcproj", "{B1D71D0A-EF30-4D2F-84E4-C8937CF8913F}"
	ProjectSection(ProjectDependencies) = postProject
		{CDB745CF-D57A-4E72-ADDD-03B85480F354} = {CDB745CF-D57A-4E72-ADDD-03B85480F354}
		{661D804F-042B-4266-B35E-212E62D78550} = {661D804F-042B-4266-B35E-212E62D78550}
		{15A32737-F2A3-4B88-8933-7165677CB073} = {15A32737-F2A3-4B88-8933-7165677CB073}
	EndProjectSection
EndProject
Project("{8BC9CEB8-8B4A-11D0-8D11-00A0C91BC942}") = "WindowWIN32Lib", "WindowWIN32Lib\WindowWIN32Lib.vcproj", "{CDB745CF-D57A-4E72-ADDD-03B85480F354}"
	ProjectSection(ProjectDependencies) = postProject
		{661D804F-042B-4266-B35E-212E62D78550} = {661D804F-042B-4266-B35E-212E62D78550}
		{15A32737-F2A3-4B88-8933-7165677CB073} = {15A32737-F2A3-4B88-8933-7165677CB073}
	EndProjectSection
EndProject
Global
	GlobalSection(SolutionConfiguration) = preSolution
		Debug = Debug
		Release = Release
	EndGlobalSection
	GlobalSection(ProjectConfiguration) = postSolution
		{15A32737-F2A3-4B88-8933-7165677CB073}.Debug.ActiveCfg = Debug|Win32
		{15A32737-F2A3-4B88-8933-7165677CB073}.Debug.Build.0 = Debug|Win32
		{15A32737-F2A3-4B88-8933-7165677CB073}.Release.ActiveCfg = Release|Win32
		{15A32737-F2A3-4B88-8933-7165677CB073}.Release.Build.0 = Release|Win32
		{661D804F-042B-4266-B35E-212E62D78550}.Debug.ActiveCfg = Debug|Win32
		{661D804F-042B-4266-B35E-212E62D78550}.Debug.Build.0 = Debug|Win32
		{661D804F-042B-4266-B35E-212E62D78550}.Release.ActiveCfg = Release|Win32
		{661D804F-042B-4266-B35E-212E62D78550}.Release.Build.0 = Release|Win32
		{21D147FC-EEFD-4021-A717-BFB6A1551F2A}.Debug.ActiveCfg = Debug|Win32
		{21D147FC-EEFD-4021-A717-BFB6A1551F2A}.Debug.Build.0 = Debug|Win32
		{21D147FC-EEFD-4021-A717-BFB6A1551F2A}.Release.ActiveCfg = Release|Win32
		{21D147FC-EEFD-4021-A717-BFB6A1551F2A}.Release.Build.0 = Release|Win32
		{B1D71D0A-EF30-4D2F-84E4-C8937CF8913F}.Debug.ActiveCfg = Debug|Win32
		{B1D71D0A-EF30-4D2F-84E4-C8937CF8913F}.Debug.Build.0 = Debug|Win32
		{B1D71D0A-EF30-4D2F-84E4-C8937CF8913F}.Release.ActiveCfg = Release|Win32
		{B1D71D0A-EF30-4D2F-84E4-C8937CF8913F}.Release.Build.0 = Release|Win32
		{CDB745CF-D57A-4E72-ADDD-03B85480F354}.Debug.ActiveCfg = Debug|Win32
		{CDB745CF-D57A-4E72-ADDD-03B85480F354}.Debug.Build.0 = Debug|Win32
		{CDB745CF-D57A-4E72-ADDD-03B85480F354}.Release.ActiveCfg = Release|Win32
		{CDB745CF-D57A-4E72-ADDD-03B85480F354}.Release.Build.0 = Release|Win32
	EndGlobalSection
	GlobalSection(ExtensibilityGlobals) = postSolution
	EndGlobalSection
	GlobalSection(ExtensibilityAddIns) = postSolution
	EndGlobalSection
EndGlobal
