Microsoft Visual Studio Solution File, Format Version 7.00
Project("{8BC9CEB8-8B4A-11D0-8D11-00A0C91BC942}") = "BaseLib", "BaseLib\BaseLib.vcproj", "{F71FE15E-033E-4BA9-BEBD-3E024556F17B}"
EndProject
Project("{8BC9CEB8-8B4A-11D0-8D11-00A0C91BC942}") = "SystemLib", "SystemLib\SystemLib.vcproj", "{0F22BFA6-1472-4C84-AA4A-497AAFFE87FF}"
EndProject
Project("{8BC9CEB8-8B4A-11D0-8D11-00A0C91BC942}") = "WindowGLUTLib", "WindowGLUTLib\WindowGLUTLib.vcproj", "{EE0A7198-0B8E-42C6-8652-89D0181CC960}"
EndProject
Project("{8BC9CEB8-8B4A-11D0-8D11-00A0C91BC942}") = "WindowQTLib", "WindowQTLib\WindowQTLib.vcproj", "{4A4F5D85-AFD4-4A11-B327-9A2A3C2DCEA1}"
EndProject
Project("{8BC9CEB8-8B4A-11D0-8D11-00A0C91BC942}") = "WindowWIN32Lib", "WindowWIN32Lib\WindowWIN32Lib.vcproj", "{3A8C030E-6AB5-4AF9-A414-82229E8242E5}"
EndProject
Global
	GlobalSection(SolutionConfiguration) = preSolution
		ConfigName.0 = Debug
		ConfigName.1 = Release
	EndGlobalSection
	GlobalSection(ProjectDependencies) = postSolution
		{0F22BFA6-1472-4C84-AA4A-497AAFFE87FF}.0 = {F71FE15E-033E-4BA9-BEBD-3E024556F17B}
		{EE0A7198-0B8E-42C6-8652-89D0181CC960}.0 = {3A8C030E-6AB5-4AF9-A414-82229E8242E5}
		{EE0A7198-0B8E-42C6-8652-89D0181CC960}.1 = {0F22BFA6-1472-4C84-AA4A-497AAFFE87FF}
		{EE0A7198-0B8E-42C6-8652-89D0181CC960}.2 = {F71FE15E-033E-4BA9-BEBD-3E024556F17B}
		{4A4F5D85-AFD4-4A11-B327-9A2A3C2DCEA1}.0 = {3A8C030E-6AB5-4AF9-A414-82229E8242E5}
		{4A4F5D85-AFD4-4A11-B327-9A2A3C2DCEA1}.1 = {0F22BFA6-1472-4C84-AA4A-497AAFFE87FF}
		{4A4F5D85-AFD4-4A11-B327-9A2A3C2DCEA1}.2 = {F71FE15E-033E-4BA9-BEBD-3E024556F17B}
		{3A8C030E-6AB5-4AF9-A414-82229E8242E5}.0 = {0F22BFA6-1472-4C84-AA4A-497AAFFE87FF}
		{3A8C030E-6AB5-4AF9-A414-82229E8242E5}.1 = {F71FE15E-033E-4BA9-BEBD-3E024556F17B}
	EndGlobalSection
	GlobalSection(ProjectConfiguration) = postSolution
		{F71FE15E-033E-4BA9-BEBD-3E024556F17B}.Debug.ActiveCfg = Debug|Win32
		{F71FE15E-033E-4BA9-BEBD-3E024556F17B}.Debug.Build.0 = Debug|Win32
		{F71FE15E-033E-4BA9-BEBD-3E024556F17B}.Release.ActiveCfg = Release|Win32
		{F71FE15E-033E-4BA9-BEBD-3E024556F17B}.Release.Build.0 = Release|Win32
		{0F22BFA6-1472-4C84-AA4A-497AAFFE87FF}.Debug.ActiveCfg = Debug|Win32
		{0F22BFA6-1472-4C84-AA4A-497AAFFE87FF}.Debug.Build.0 = Debug|Win32
		{0F22BFA6-1472-4C84-AA4A-497AAFFE87FF}.Release.ActiveCfg = Release|Win32
		{0F22BFA6-1472-4C84-AA4A-497AAFFE87FF}.Release.Build.0 = Release|Win32
		{EE0A7198-0B8E-42C6-8652-89D0181CC960}.Debug.ActiveCfg = Debug|Win32
		{EE0A7198-0B8E-42C6-8652-89D0181CC960}.Debug.Build.0 = Debug|Win32
		{EE0A7198-0B8E-42C6-8652-89D0181CC960}.Release.ActiveCfg = Release|Win32
		{EE0A7198-0B8E-42C6-8652-89D0181CC960}.Release.Build.0 = Release|Win32
		{4A4F5D85-AFD4-4A11-B327-9A2A3C2DCEA1}.Debug.ActiveCfg = Debug|Win32
		{4A4F5D85-AFD4-4A11-B327-9A2A3C2DCEA1}.Debug.Build.0 = Debug|Win32
		{4A4F5D85-AFD4-4A11-B327-9A2A3C2DCEA1}.Release.ActiveCfg = Release|Win32
		{4A4F5D85-AFD4-4A11-B327-9A2A3C2DCEA1}.Release.Build.0 = Release|Win32
		{3A8C030E-6AB5-4AF9-A414-82229E8242E5}.Debug.ActiveCfg = Debug|Win32
		{3A8C030E-6AB5-4AF9-A414-82229E8242E5}.Debug.Build.0 = Debug|Win32
		{3A8C030E-6AB5-4AF9-A414-82229E8242E5}.Release.ActiveCfg = Release|Win32
		{3A8C030E-6AB5-4AF9-A414-82229E8242E5}.Release.Build.0 = Release|Win32
	EndGlobalSection
	GlobalSection(ExtensibilityGlobals) = postSolution
	EndGlobalSection
	GlobalSection(ExtensibilityAddIns) = postSolution
	EndGlobalSection
EndGlobal
